PODS:
  - RxCocoa (4.1.2):
    - RxSwift (~> 4.0)
  - RxSwift (4.1.2)
  - RxSwiftExt (3.2.0):
    - RxSwiftExt/Core (= 3.2.0)
  - RxSwiftExt/Core (3.2.0):
    - RxSwift (~> 4.0)
  - RxTest (4.1.2):
    - RxSwift (~> 4.0)

DEPENDENCIES:
  - RxCocoa
  - RxSwift
  - RxSwiftExt
  - RxTest

SPEC CHECKSUMS:
  RxCocoa: d88ba0f1f6abf040011a9eb4b539324fc426843a
  RxSwift: e49536837d9901277638493ea537394d4b55f570
  RxSwiftExt: 64b7140124629a6a084159735f3714f0fb1c61d6
  RxTest: e634f15fd2c2cd0e0120132ef7a4f7be69ad0393

PODFILE CHECKSUM: 91ce0b1ee8a5fd7edfd0d098ba50d5c601a2eb58

COCOAPODS: 1.4.0
